
Microsoft Visual Studio Solution File, Format Version 11.00
# Visual Studio 2010
Project("{FAE04EC0-301F-11D3-BF4B-00C04F79EFBC}") = "Monoscape.Common", "..\Monoscape.Common\Monoscape.Common.csproj", "{B05EC960-C8FA-40AC-8F9A-3F72CBB2D49F}"
EndProject
Project("{FAE04EC0-301F-11D3-BF4B-00C04F79EFBC}") = "Monoscape.NodeController", "Monoscape.NodeController.csproj", "{4BE44430-FD89-45BF-9BC5-3A586D261EF1}"
EndProject
Project("{FAE04EC0-301F-11D3-BF4B-00C04F79EFBC}") = "Monoscape.NodeController.Api", "..\Monoscape.NodeController.Api\Monoscape.NodeController.Api.csproj", "{95534FAC-7228-4FCF-B933-50B3756A95DE}"
EndProject
Project("{FAE04EC0-301F-11D3-BF4B-00C04F79EFBC}") = "Monoscape.ApplicationGridController.Api", "..\Monoscape.ApplicationGridController.Api\Monoscape.ApplicationGridController.Api.csproj", "{51C89D63-FF6B-4B86-A545-19F4713D5C99}"
EndProject
Global
	GlobalSection(SolutionConfigurationPlatforms) = preSolution
		Debug|Any CPU = Debug|Any CPU
		Debug|Mixed Platforms = Debug|Mixed Platforms
		Debug|x86 = Debug|x86
		Release|Any CPU = Release|Any CPU
		Release|Mixed Platforms = Release|Mixed Platforms
		Release|x86 = Release|x86
	EndGlobalSection
	GlobalSection(ProjectConfigurationPlatforms) = postSolution
		{4BE44430-FD89-45BF-9BC5-3A586D261EF1}.Debug|Any CPU.ActiveCfg = Debug|x86
		{4BE44430-FD89-45BF-9BC5-3A586D261EF1}.Debug|Any CPU.Build.0 = Debug|x86
		{4BE44430-FD89-45BF-9BC5-3A586D261EF1}.Debug|Mixed Platforms.ActiveCfg = Debug|x86
		{4BE44430-FD89-45BF-9BC5-3A586D261EF1}.Debug|Mixed Platforms.Build.0 = Debug|x86
		{4BE44430-FD89-45BF-9BC5-3A586D261EF1}.Debug|x86.ActiveCfg = Debug|x86
		{4BE44430-FD89-45BF-9BC5-3A586D261EF1}.Debug|x86.Build.0 = Debug|x86
		{4BE44430-FD89-45BF-9BC5-3A586D261EF1}.Release|Any CPU.ActiveCfg = Release|x86
		{4BE44430-FD89-45BF-9BC5-3A586D261EF1}.Release|Any CPU.Build.0 = Release|x86
		{4BE44430-FD89-45BF-9BC5-3A586D261EF1}.Release|Mixed Platforms.ActiveCfg = Release|x86
		{4BE44430-FD89-45BF-9BC5-3A586D261EF1}.Release|Mixed Platforms.Build.0 = Release|x86
		{4BE44430-FD89-45BF-9BC5-3A586D261EF1}.Release|x86.ActiveCfg = Release|x86
		{4BE44430-FD89-45BF-9BC5-3A586D261EF1}.Release|x86.Build.0 = Release|x86
		{51C89D63-FF6B-4B86-A545-19F4713D5C99}.Debug|Any CPU.ActiveCfg = Debug|Any CPU
		{51C89D63-FF6B-4B86-A545-19F4713D5C99}.Debug|Any CPU.Build.0 = Debug|Any CPU
		{51C89D63-FF6B-4B86-A545-19F4713D5C99}.Debug|Mixed Platforms.ActiveCfg = Debug|Any CPU
		{51C89D63-FF6B-4B86-A545-19F4713D5C99}.Debug|Mixed Platforms.Build.0 = Debug|Any CPU
		{51C89D63-FF6B-4B86-A545-19F4713D5C99}.Debug|x86.ActiveCfg = Debug|Any CPU
		{51C89D63-FF6B-4B86-A545-19F4713D5C99}.Debug|x86.Build.0 = Debug|Any CPU
		{51C89D63-FF6B-4B86-A545-19F4713D5C99}.Release|Any CPU.ActiveCfg = Release|Any CPU
		{51C89D63-FF6B-4B86-A545-19F4713D5C99}.Release|Any CPU.Build.0 = Release|Any CPU
		{51C89D63-FF6B-4B86-A545-19F4713D5C99}.Release|Mixed Platforms.ActiveCfg = Release|Any CPU
		{51C89D63-FF6B-4B86-A545-19F4713D5C99}.Release|Mixed Platforms.Build.0 = Release|Any CPU
		{51C89D63-FF6B-4B86-A545-19F4713D5C99}.Release|x86.ActiveCfg = Release|Any CPU
		{51C89D63-FF6B-4B86-A545-19F4713D5C99}.Release|x86.Build.0 = Release|Any CPU
		{95534FAC-7228-4FCF-B933-50B3756A95DE}.Debug|Any CPU.ActiveCfg = Debug|Any CPU
		{95534FAC-7228-4FCF-B933-50B3756A95DE}.Debug|Any CPU.Build.0 = Debug|Any CPU
		{95534FAC-7228-4FCF-B933-50B3756A95DE}.Debug|Mixed Platforms.ActiveCfg = Debug|Any CPU
		{95534FAC-7228-4FCF-B933-50B3756A95DE}.Debug|Mixed Platforms.Build.0 = Debug|Any CPU
		{95534FAC-7228-4FCF-B933-50B3756A95DE}.Debug|x86.ActiveCfg = Debug|Any CPU
		{95534FAC-7228-4FCF-B933-50B3756A95DE}.Debug|x86.Build.0 = Debug|Any CPU
		{95534FAC-7228-4FCF-B933-50B3756A95DE}.Release|Any CPU.ActiveCfg = Release|Any CPU
		{95534FAC-7228-4FCF-B933-50B3756A95DE}.Release|Any CPU.Build.0 = Release|Any CPU
		{95534FAC-7228-4FCF-B933-50B3756A95DE}.Release|Mixed Platforms.ActiveCfg = Release|Any CPU
		{95534FAC-7228-4FCF-B933-50B3756A95DE}.Release|Mixed Platforms.Build.0 = Release|Any CPU
		{95534FAC-7228-4FCF-B933-50B3756A95DE}.Release|x86.ActiveCfg = Release|Any CPU
		{95534FAC-7228-4FCF-B933-50B3756A95DE}.Release|x86.Build.0 = Release|Any CPU
		{B05EC960-C8FA-40AC-8F9A-3F72CBB2D49F}.Debug|Any CPU.ActiveCfg = Debug|Any CPU
		{B05EC960-C8FA-40AC-8F9A-3F72CBB2D49F}.Debug|Any CPU.Build.0 = Debug|Any CPU
		{B05EC960-C8FA-40AC-8F9A-3F72CBB2D49F}.Debug|Mixed Platforms.ActiveCfg = Debug|Any CPU
		{B05EC960-C8FA-40AC-8F9A-3F72CBB2D49F}.Debug|Mixed Platforms.Build.0 = Debug|Any CPU
		{B05EC960-C8FA-40AC-8F9A-3F72CBB2D49F}.Debug|x86.ActiveCfg = Debug|Any CPU
		{B05EC960-C8FA-40AC-8F9A-3F72CBB2D49F}.Release|Any CPU.ActiveCfg = Release|Any CPU
		{B05EC960-C8FA-40AC-8F9A-3F72CBB2D49F}.Release|Any CPU.Build.0 = Release|Any CPU
		{B05EC960-C8FA-40AC-8F9A-3F72CBB2D49F}.Release|Mixed Platforms.ActiveCfg = Release|Any CPU
		{B05EC960-C8FA-40AC-8F9A-3F72CBB2D49F}.Release|Mixed Platforms.Build.0 = Release|Any CPU
		{B05EC960-C8FA-40AC-8F9A-3F72CBB2D49F}.Release|x86.ActiveCfg = Release|Any CPU
	EndGlobalSection
	GlobalSection(MonoDevelopProperties) = preSolution
		StartupItem = Monoscape.NodeController.csproj
	EndGlobalSection
	GlobalSection(SolutionProperties) = preSolution
		HideSolutionNode = FALSE
	EndGlobalSection
EndGlobal
