
Microsoft Visual Studio Solution File, Format Version 11.00
# Visual Studio 2010
Project("{FAE04EC0-301F-11D3-BF4B-00C04F79EFBC}") = "Monoscape.Common", "..\Monoscape.Common\Monoscape.Common.csproj", "{B05EC960-C8FA-40AC-8F9A-3F72CBB2D49F}"
EndProject
Project("{FAE04EC0-301F-11D3-BF4B-00C04F79EFBC}") = "Monoscape.CloudController", "Monoscape.CloudController.csproj", "{950319C4-4311-4690-86F6-843A3EBE3B7C}"
EndProject
Project("{FAE04EC0-301F-11D3-BF4B-00C04F79EFBC}") = "Monoscape.ApplicationGridController.Api", "..\Monoscape.ApplicationGridController.Api\Monoscape.ApplicationGridController.Api.csproj", "{51C89D63-FF6B-4B86-A545-19F4713D5C99}"
EndProject
Project("{FAE04EC0-301F-11D3-BF4B-00C04F79EFBC}") = "Monoscape.CloudController.External.Api", "..\Monoscape.CloudController.External.Api\Monoscape.CloudController.External.Api.csproj", "{5C41BDFE-03EF-499D-858F-AE43D6196304}"
EndProject
Project("{FAE04EC0-301F-11D3-BF4B-00C04F79EFBC}") = "Monoscape.CloudController.Api", "..\Monoscape.CloudController.Api\Monoscape.CloudController.Api.csproj", "{C23F96A0-2FE6-4C6A-8772-8F9BC60D00D4}"
EndProject
Global
	GlobalSection(SolutionConfigurationPlatforms) = preSolution
		Debug|Any CPU = Debug|Any CPU
		Debug|Mixed Platforms = Debug|Mixed Platforms
		Debug|x86 = Debug|x86
		Release|Any CPU = Release|Any CPU
		Release|Mixed Platforms = Release|Mixed Platforms
		Release|x86 = Release|x86
	EndGlobalSection
	GlobalSection(ProjectConfigurationPlatforms) = postSolution
		{B05EC960-C8FA-40AC-8F9A-3F72CBB2D49F}.Debug|Any CPU.ActiveCfg = Debug|Any CPU
		{B05EC960-C8FA-40AC-8F9A-3F72CBB2D49F}.Debug|Any CPU.Build.0 = Debug|Any CPU
		{B05EC960-C8FA-40AC-8F9A-3F72CBB2D49F}.Debug|Mixed Platforms.ActiveCfg = Debug|Any CPU
		{B05EC960-C8FA-40AC-8F9A-3F72CBB2D49F}.Debug|Mixed Platforms.Build.0 = Debug|Any CPU
		{B05EC960-C8FA-40AC-8F9A-3F72CBB2D49F}.Debug|x86.ActiveCfg = Debug|Any CPU
		{B05EC960-C8FA-40AC-8F9A-3F72CBB2D49F}.Release|Any CPU.ActiveCfg = Release|Any CPU
		{B05EC960-C8FA-40AC-8F9A-3F72CBB2D49F}.Release|Any CPU.Build.0 = Release|Any CPU
		{B05EC960-C8FA-40AC-8F9A-3F72CBB2D49F}.Release|Mixed Platforms.ActiveCfg = Release|Any CPU
		{B05EC960-C8FA-40AC-8F9A-3F72CBB2D49F}.Release|Mixed Platforms.Build.0 = Release|Any CPU
		{B05EC960-C8FA-40AC-8F9A-3F72CBB2D49F}.Release|x86.ActiveCfg = Release|Any CPU
		{950319C4-4311-4690-86F6-843A3EBE3B7C}.Debug|Any CPU.ActiveCfg = Debug|x86
		{950319C4-4311-4690-86F6-843A3EBE3B7C}.Debug|Mixed Platforms.ActiveCfg = Debug|x86
		{950319C4-4311-4690-86F6-843A3EBE3B7C}.Debug|Mixed Platforms.Build.0 = Debug|x86
		{950319C4-4311-4690-86F6-843A3EBE3B7C}.Debug|x86.ActiveCfg = Debug|x86
		{950319C4-4311-4690-86F6-843A3EBE3B7C}.Debug|x86.Build.0 = Debug|x86
		{950319C4-4311-4690-86F6-843A3EBE3B7C}.Release|Any CPU.ActiveCfg = Release|x86
		{950319C4-4311-4690-86F6-843A3EBE3B7C}.Release|Mixed Platforms.ActiveCfg = Release|x86
		{950319C4-4311-4690-86F6-843A3EBE3B7C}.Release|Mixed Platforms.Build.0 = Release|x86
		{950319C4-4311-4690-86F6-843A3EBE3B7C}.Release|x86.ActiveCfg = Release|x86
		{950319C4-4311-4690-86F6-843A3EBE3B7C}.Release|x86.Build.0 = Release|x86
		{51C89D63-FF6B-4B86-A545-19F4713D5C99}.Debug|Any CPU.ActiveCfg = Debug|Any CPU
		{51C89D63-FF6B-4B86-A545-19F4713D5C99}.Debug|Any CPU.Build.0 = Debug|Any CPU
		{51C89D63-FF6B-4B86-A545-19F4713D5C99}.Debug|Mixed Platforms.ActiveCfg = Debug|Any CPU
		{51C89D63-FF6B-4B86-A545-19F4713D5C99}.Debug|Mixed Platforms.Build.0 = Debug|Any CPU
		{51C89D63-FF6B-4B86-A545-19F4713D5C99}.Debug|x86.ActiveCfg = Debug|Any CPU
		{51C89D63-FF6B-4B86-A545-19F4713D5C99}.Release|Any CPU.ActiveCfg = Release|Any CPU
		{51C89D63-FF6B-4B86-A545-19F4713D5C99}.Release|Any CPU.Build.0 = Release|Any CPU
		{51C89D63-FF6B-4B86-A545-19F4713D5C99}.Release|Mixed Platforms.ActiveCfg = Release|Any CPU
		{51C89D63-FF6B-4B86-A545-19F4713D5C99}.Release|Mixed Platforms.Build.0 = Release|Any CPU
		{51C89D63-FF6B-4B86-A545-19F4713D5C99}.Release|x86.ActiveCfg = Release|Any CPU
		{5C41BDFE-03EF-499D-858F-AE43D6196304}.Debug|Any CPU.ActiveCfg = Debug|Any CPU
		{5C41BDFE-03EF-499D-858F-AE43D6196304}.Debug|Any CPU.Build.0 = Debug|Any CPU
		{5C41BDFE-03EF-499D-858F-AE43D6196304}.Debug|Mixed Platforms.ActiveCfg = Debug|Any CPU
		{5C41BDFE-03EF-499D-858F-AE43D6196304}.Debug|Mixed Platforms.Build.0 = Debug|Any CPU
		{5C41BDFE-03EF-499D-858F-AE43D6196304}.Debug|x86.ActiveCfg = Debug|Any CPU
		{5C41BDFE-03EF-499D-858F-AE43D6196304}.Release|Any CPU.ActiveCfg = Release|Any CPU
		{5C41BDFE-03EF-499D-858F-AE43D6196304}.Release|Any CPU.Build.0 = Release|Any CPU
		{5C41BDFE-03EF-499D-858F-AE43D6196304}.Release|Mixed Platforms.ActiveCfg = Release|Any CPU
		{5C41BDFE-03EF-499D-858F-AE43D6196304}.Release|Mixed Platforms.Build.0 = Release|Any CPU
		{5C41BDFE-03EF-499D-858F-AE43D6196304}.Release|x86.ActiveCfg = Release|Any CPU
		{C23F96A0-2FE6-4C6A-8772-8F9BC60D00D4}.Debug|Any CPU.ActiveCfg = Debug|Any CPU
		{C23F96A0-2FE6-4C6A-8772-8F9BC60D00D4}.Debug|Any CPU.Build.0 = Debug|Any CPU
		{C23F96A0-2FE6-4C6A-8772-8F9BC60D00D4}.Debug|Mixed Platforms.ActiveCfg = Debug|Any CPU
		{C23F96A0-2FE6-4C6A-8772-8F9BC60D00D4}.Debug|Mixed Platforms.Build.0 = Debug|Any CPU
		{C23F96A0-2FE6-4C6A-8772-8F9BC60D00D4}.Debug|x86.ActiveCfg = Debug|Any CPU
		{C23F96A0-2FE6-4C6A-8772-8F9BC60D00D4}.Release|Any CPU.ActiveCfg = Release|Any CPU
		{C23F96A0-2FE6-4C6A-8772-8F9BC60D00D4}.Release|Any CPU.Build.0 = Release|Any CPU
		{C23F96A0-2FE6-4C6A-8772-8F9BC60D00D4}.Release|Mixed Platforms.ActiveCfg = Release|Any CPU
		{C23F96A0-2FE6-4C6A-8772-8F9BC60D00D4}.Release|Mixed Platforms.Build.0 = Release|Any CPU
		{C23F96A0-2FE6-4C6A-8772-8F9BC60D00D4}.Release|x86.ActiveCfg = Release|Any CPU
	EndGlobalSection
	GlobalSection(SolutionProperties) = preSolution
		HideSolutionNode = FALSE
	EndGlobalSection
	GlobalSection(MonoDevelopProperties) = preSolution
		StartupItem = Monoscape.ApplicationGrid.csproj
	EndGlobalSection
EndGlobal
