
Microsoft Visual Studio Solution File, Format Version 11.00
# Visual Studio 2010
Project("{FAE04EC0-301F-11D3-BF4B-00C04F79EFBC}") = "Monoscape.LoadBalancerController.Api", "Monoscape.LoadBalancerController.Api.csproj", "{B8DC68C8-E6D1-4F3F-81A5-AB67B7EDB0F3}"
EndProject
Project("{FAE04EC0-301F-11D3-BF4B-00C04F79EFBC}") = "Monoscape.Common", "..\Monoscape.Common\Monoscape.Common.csproj", "{B05EC960-C8FA-40AC-8F9A-3F72CBB2D49F}"
EndProject
Global
	GlobalSection(SolutionConfigurationPlatforms) = preSolution
		Debug|Any CPU = Debug|Any CPU
		Release|Any CPU = Release|Any CPU
	EndGlobalSection
	GlobalSection(ProjectConfigurationPlatforms) = postSolution
		{B05EC960-C8FA-40AC-8F9A-3F72CBB2D49F}.Debug|Any CPU.ActiveCfg = Debug|Any CPU
		{B05EC960-C8FA-40AC-8F9A-3F72CBB2D49F}.Debug|Any CPU.Build.0 = Debug|Any CPU
		{B05EC960-C8FA-40AC-8F9A-3F72CBB2D49F}.Release|Any CPU.ActiveCfg = Release|Any CPU
		{B05EC960-C8FA-40AC-8F9A-3F72CBB2D49F}.Release|Any CPU.Build.0 = Release|Any CPU
		{B8DC68C8-E6D1-4F3F-81A5-AB67B7EDB0F3}.Debug|Any CPU.ActiveCfg = Debug|Any CPU
		{B8DC68C8-E6D1-4F3F-81A5-AB67B7EDB0F3}.Debug|Any CPU.Build.0 = Debug|Any CPU
		{B8DC68C8-E6D1-4F3F-81A5-AB67B7EDB0F3}.Release|Any CPU.ActiveCfg = Release|Any CPU
		{B8DC68C8-E6D1-4F3F-81A5-AB67B7EDB0F3}.Release|Any CPU.Build.0 = Release|Any CPU
	EndGlobalSection
	GlobalSection(MonoDevelopProperties) = preSolution
		StartupItem = Monoscape.LoadBalancerController.Api.csproj
	EndGlobalSection
EndGlobal
